
Microsoft Visual Studio Solution File, Format Version 12.00
# Visual Studio Version 16
VisualStudioVersion = 16.0.29209.62
MinimumVisualStudioVersion = 10.0.40219.1
Project("{8BC9CEB8-8B4A-11D0-8D11-00A0C91BC942}") = "matrix_multiply", "matrix_multiply.vcxproj", "{1919C7BE-CF75-4A87-9F15-50F992A9B416}"
EndProject
Global
	GlobalSection(SolutionConfigurationPlatforms) = preSolution
		Debug|x64 = Debug|x64
		Debug|x86 = Debug|x86
		Release|x64 = Release|x64
		Release|x86 = Release|x86
	EndGlobalSection
	GlobalSection(ProjectConfigurationPlatforms) = postSolution
		{1919C7BE-CF75-4A87-9F15-50F992A9B416}.Debug|x64.ActiveCfg = Debug|x64
		{1919C7BE-CF75-4A87-9F15-50F992A9B416}.Debug|x64.Build.0 = Debug|x64
		{1919C7BE-CF75-4A87-9F15-50F992A9B416}.Debug|x86.ActiveCfg = Debug|Win32
		{1919C7BE-CF75-4A87-9F15-50F992A9B416}.Debug|x86.Build.0 = Debug|Win32
		{1919C7BE-CF75-4A87-9F15-50F992A9B416}.Release|x64.ActiveCfg = Release|x64
		{1919C7BE-CF75-4A87-9F15-50F992A9B416}.Release|x64.Build.0 = Release|x64
		{1919C7BE-CF75-4A87-9F15-50F992A9B416}.Release|x86.ActiveCfg = Release|Win32
		{1919C7BE-CF75-4A87-9F15-50F992A9B416}.Release|x86.Build.0 = Release|Win32
	EndGlobalSection
	GlobalSection(SolutionProperties) = preSolution
		HideSolutionNode = FALSE
	EndGlobalSection
	GlobalSection(ExtensibilityGlobals) = postSolution
		SolutionGuid = {4A090C4A-CFBD-433A-9657-FBD482A4A88C}
	EndGlobalSection
EndGlobal
